{
    "name": "@thingweb/code-gen",
    "version": "1.0.0",
    "lockfileVersion": 3,
    "requires": true,
    "packages": {
        "": {
            "name": "@thingweb/code-gen",
            "version": "1.0.0",
            "license": "EPL-2.0 OR W3C-20150513",
            "dependencies": {
                "@inquirer/prompts": "^8.4.1"
            },
            "devDependencies": {
                "@types/node": "^25.5.2"
            }
        },
        "node_modules/@inquirer/ansi": {
            "version": "2.0.5",
            "resolved": "https://registry.npmjs.org/@inquirer/ansi/-/ansi-2.0.5.tgz",
            "integrity": "sha512-doc2sWgJpbFQ64UflSVd17ibMGDuxO1yKgOgLMwavzESnXjFWJqUeG8saYosqKpHp4kWiM5x1nXvEjbpx90gzw==",
            "license": "MIT",
            "engines": {
                "node": ">=23.5.0 || ^22.13.0 || ^21.7.0 || ^20.12.0"
            }
        },
        "node_modules/@inquirer/checkbox": {
            "version": "5.1.3",
            "resolved": "https://registry.npmjs.org/@inquirer/checkbox/-/checkbox-5.1.3.tgz",
            "integrity": "sha512-+G7I8CT+EHv/hasNfUl3P37DVoMoZfpA+2FXmM54dA8MxYle1YqucxbacxHalw1iAFSdKNEDTGNV7F+j1Ldqcg==",
            "license": "MIT",
            "dependencies": {
                "@inquirer/ansi": "^2.0.5",
                "@inquirer/core": "^11.1.8",
                "@inquirer/figures": "^2.0.5",
                "@inquirer/type": "^4.0.5"
            },
            "engines": {
                "node": ">=23.5.0 || ^22.13.0 || ^21.7.0 || ^20.12.0"
            },
            "peerDependencies": {
                "@types/node": ">=18"
            },
            "peerDependenciesMeta": {
                "@types/node": {
                    "optional": true
                }
            }
        },
        "node_modules/@inquirer/confirm": {
            "version": "6.0.11",
            "resolved": "https://registry.npmjs.org/@inquirer/confirm/-/confirm-6.0.11.tgz",
            "integrity": "sha512-pTpHjg0iEIRMYV/7oCZUMf27/383E6Wyhfc/MY+AVQGEoUobffIYWOK9YLP2XFRGz/9i6WlTQh1CkFVIo2Y7XA==",
            "license": "MIT",
            "dependencies": {
                "@inquirer/core": "^11.1.8",
                "@inquirer/type": "^4.0.5"
            },
            "engines": {
                "node": ">=23.5.0 || ^22.13.0 || ^21.7.0 || ^20.12.0"
            },
            "peerDependencies": {
                "@types/node": ">=18"
            },
            "peerDependenciesMeta": {
                "@types/node": {
                    "optional": true
                }
            }
        },
        "node_modules/@inquirer/core": {
            "version": "11.1.8",
            "resolved": "https://registry.npmjs.org/@inquirer/core/-/core-11.1.8.tgz",
            "integrity": "sha512-/u+yJk2pOKNDOh1ZgdUH2RQaRx6OOH4I0uwL95qPvTFTIL38YBsuSC4r1yXBB3Q6JvNqFFc202gk0Ew79rrcjA==",
            "license": "MIT",
            "dependencies": {
                "@inquirer/ansi": "^2.0.5",
                "@inquirer/figures": "^2.0.5",
                "@inquirer/type": "^4.0.5",
                "cli-width": "^4.1.0",
                "fast-wrap-ansi": "^0.2.0",
                "mute-stream": "^3.0.0",
                "signal-exit": "^4.1.0"
            },
            "engines": {
                "node": ">=23.5.0 || ^22.13.0 || ^21.7.0 || ^20.12.0"
            },
            "peerDependencies": {
                "@types/node": ">=18"
            },
            "peerDependenciesMeta": {
                "@types/node": {
                    "optional": true
                }
            }
        },
        "node_modules/@inquirer/editor": {
            "version": "5.1.0",
            "resolved": "https://registry.npmjs.org/@inquirer/editor/-/editor-5.1.0.tgz",
            "integrity": "sha512-6wlkYl65Qfayy48gPCfU4D7li6KCAGN79mLXa/tYHZH99OfZ820yY+HA+DgE88r8YwwgeuY6PQgNqMeK6LuMmw==",
            "license": "MIT",
            "dependencies": {
                "@inquirer/core": "^11.1.8",
                "@inquirer/external-editor": "^3.0.0",
                "@inquirer/type": "^4.0.5"
            },
            "engines": {
                "node": ">=23.5.0 || ^22.13.0 || ^21.7.0 || ^20.12.0"
            },
            "peerDependencies": {
                "@types/node": ">=18"
            },
            "peerDependenciesMeta": {
                "@types/node": {
                    "optional": true
                }
            }
        },
        "node_modules/@inquirer/expand": {
            "version": "5.0.12",
            "resolved": "https://registry.npmjs.org/@inquirer/expand/-/expand-5.0.12.tgz",
            "integrity": "sha512-vOfrB33b7YIZfDauXS8vNNz2Z86FozTZLIt7e+7/dCaPJ1RXZsHCuI9TlcERzEUq57vkM+UdnBgxP0rFd23JYQ==",
            "license": "MIT",
            "dependencies": {
                "@inquirer/core": "^11.1.8",
                "@inquirer/type": "^4.0.5"
            },
            "engines": {
                "node": ">=23.5.0 || ^22.13.0 || ^21.7.0 || ^20.12.0"
            },
            "peerDependencies": {
                "@types/node": ">=18"
            },
            "peerDependenciesMeta": {
                "@types/node": {
                    "optional": true
                }
            }
        },
        "node_modules/@inquirer/external-editor": {
            "version": "3.0.0",
            "resolved": "https://registry.npmjs.org/@inquirer/external-editor/-/external-editor-3.0.0.tgz",
            "integrity": "sha512-lDSwMgg+M5rq6JKBYaJwSX6T9e/HK2qqZ1oxmOwn4AQoJE5D+7TumsxLGC02PWS//rkIVqbZv3XA3ejsc9FYvg==",
            "license": "MIT",
            "dependencies": {
                "chardet": "^2.1.1",
                "iconv-lite": "^0.7.2"
            },
            "engines": {
                "node": ">=23.5.0 || ^22.13.0 || ^21.7.0 || ^20.12.0"
            },
            "peerDependencies": {
                "@types/node": ">=18"
            },
            "peerDependenciesMeta": {
                "@types/node": {
                    "optional": true
                }
            }
        },
        "node_modules/@inquirer/figures": {
            "version": "2.0.5",
            "resolved": "https://registry.npmjs.org/@inquirer/figures/-/figures-2.0.5.tgz",
            "integrity": "sha512-NsSs4kzfm12lNetHwAn3GEuH317IzpwrMCbOuMIVytpjnJ90YYHNwdRgYGuKmVxwuIqSgqk3M5qqQt1cDk0tGQ==",
            "license": "MIT",
            "engines": {
                "node": ">=23.5.0 || ^22.13.0 || ^21.7.0 || ^20.12.0"
            }
        },
        "node_modules/@inquirer/input": {
            "version": "5.0.11",
            "resolved": "https://registry.npmjs.org/@inquirer/input/-/input-5.0.11.tgz",
            "integrity": "sha512-twUWidn4ocPO8qi6fRM7tNWt7W1FOnOZqQ+/+PsfLUacMR5rFLDPK9ql0nBPwxi0oELbo8T5NhRs8B2+qQEqFQ==",
            "license": "MIT",
            "dependencies": {
                "@inquirer/core": "^11.1.8",
                "@inquirer/type": "^4.0.5"
            },
            "engines": {
                "node": ">=23.5.0 || ^22.13.0 || ^21.7.0 || ^20.12.0"
            },
            "peerDependencies": {
                "@types/node": ">=18"
            },
            "peerDependenciesMeta": {
                "@types/node": {
                    "optional": true
                }
            }
        },
        "node_modules/@inquirer/number": {
            "version": "4.0.11",
            "resolved": "https://registry.npmjs.org/@inquirer/number/-/number-4.0.11.tgz",
            "integrity": "sha512-Vscmim9TCksQsfjPtka/JwPUcbLhqWYrgfPf1cHrCm24X/F2joFwnageD50yMKsaX14oNGOyKf/RNXAFkNjWpA==",
            "license": "MIT",
            "dependencies": {
                "@inquirer/core": "^11.1.8",
                "@inquirer/type": "^4.0.5"
            },
            "engines": {
                "node": ">=23.5.0 || ^22.13.0 || ^21.7.0 || ^20.12.0"
            },
            "peerDependencies": {
                "@types/node": ">=18"
            },
            "peerDependenciesMeta": {
                "@types/node": {
                    "optional": true
                }
            }
        },
        "node_modules/@inquirer/password": {
            "version": "5.0.11",
            "resolved": "https://registry.npmjs.org/@inquirer/password/-/password-5.0.11.tgz",
            "integrity": "sha512-9KZFeRaNHIcejtPb0wN4ddFc7EvobVoAFa049eS3LrDZFxI8O7xUXiITEOinBzkZFAIwY5V4yzQae/QfO9cbbg==",
            "license": "MIT",
            "dependencies": {
                "@inquirer/ansi": "^2.0.5",
                "@inquirer/core": "^11.1.8",
                "@inquirer/type": "^4.0.5"
            },
            "engines": {
                "node": ">=23.5.0 || ^22.13.0 || ^21.7.0 || ^20.12.0"
            },
            "peerDependencies": {
                "@types/node": ">=18"
            },
            "peerDependenciesMeta": {
                "@types/node": {
                    "optional": true
                }
            }
        },
        "node_modules/@inquirer/prompts": {
            "version": "8.4.1",
            "resolved": "https://registry.npmjs.org/@inquirer/prompts/-/prompts-8.4.1.tgz",
            "integrity": "sha512-AH5xPQ997K7e0F0vulPlteIHke2awMkFi8F0dBemrDfmvtPmHJo82mdHbONC4F/t8d1NHwrbI5cGVI+RbLWdoQ==",
            "license": "MIT",
            "dependencies": {
                "@inquirer/checkbox": "^5.1.3",
                "@inquirer/confirm": "^6.0.11",
                "@inquirer/editor": "^5.1.0",
                "@inquirer/expand": "^5.0.12",
                "@inquirer/input": "^5.0.11",
                "@inquirer/number": "^4.0.11",
                "@inquirer/password": "^5.0.11",
                "@inquirer/rawlist": "^5.2.7",
                "@inquirer/search": "^4.1.7",
                "@inquirer/select": "^5.1.3"
            },
            "engines": {
                "node": ">=23.5.0 || ^22.13.0 || ^21.7.0 || ^20.12.0"
            },
            "peerDependencies": {
                "@types/node": ">=18"
            },
            "peerDependenciesMeta": {
                "@types/node": {
                    "optional": true
                }
            }
        },
        "node_modules/@inquirer/rawlist": {
            "version": "5.2.7",
            "resolved": "https://registry.npmjs.org/@inquirer/rawlist/-/rawlist-5.2.7.tgz",
            "integrity": "sha512-AqRMiD9+uE1lskDPrdqHwrV/EUmxKEBLX44SR7uxK3vD2413AmVfE5EQaPeNzYf5Pq5SitHJDYUFVF0poIr09w==",
            "license": "MIT",
            "dependencies": {
                "@inquirer/core": "^11.1.8",
                "@inquirer/type": "^4.0.5"
            },
            "engines": {
                "node": ">=23.5.0 || ^22.13.0 || ^21.7.0 || ^20.12.0"
            },
            "peerDependencies": {
                "@types/node": ">=18"
            },
            "peerDependenciesMeta": {
                "@types/node": {
                    "optional": true
                }
            }
        },
        "node_modules/@inquirer/search": {
            "version": "4.1.7",
            "resolved": "https://registry.npmjs.org/@inquirer/search/-/search-4.1.7.tgz",
            "integrity": "sha512-1y7+0N65AWk5RdlXH/Kn13txf3IjIQ7OEfhCEkDTU+h5wKMLq8DUF3P6z+/kLSxDGDtQT1dRBWEUC3o/VvImsQ==",
            "license": "MIT",
            "dependencies": {
                "@inquirer/core": "^11.1.8",
                "@inquirer/figures": "^2.0.5",
                "@inquirer/type": "^4.0.5"
            },
            "engines": {
                "node": ">=23.5.0 || ^22.13.0 || ^21.7.0 || ^20.12.0"
            },
            "peerDependencies": {
                "@types/node": ">=18"
            },
            "peerDependenciesMeta": {
                "@types/node": {
                    "optional": true
                }
            }
        },
        "node_modules/@inquirer/select": {
            "version": "5.1.3",
            "resolved": "https://registry.npmjs.org/@inquirer/select/-/select-5.1.3.tgz",
            "integrity": "sha512-zYyqWgGQi3NhBcNq4Isc5rB3oEdQEh1Q/EcAnOW0FK4MpnXWkvSBYgA4cYrTM4A9UB573omouZbnL9JJ74Mq3A==",
            "license": "MIT",
            "dependencies": {
                "@inquirer/ansi": "^2.0.5",
                "@inquirer/core": "^11.1.8",
                "@inquirer/figures": "^2.0.5",
                "@inquirer/type": "^4.0.5"
            },
            "engines": {
                "node": ">=23.5.0 || ^22.13.0 || ^21.7.0 || ^20.12.0"
            },
            "peerDependencies": {
                "@types/node": ">=18"
            },
            "peerDependenciesMeta": {
                "@types/node": {
                    "optional": true
                }
            }
        },
        "node_modules/@inquirer/type": {
            "version": "4.0.5",
            "resolved": "https://registry.npmjs.org/@inquirer/type/-/type-4.0.5.tgz",
            "integrity": "sha512-aetVUNeKNc/VriqXlw1NRSW0zhMBB0W4bNbWRJgzRl/3d0QNDQFfk0GO5SDdtjMZVg6o8ZKEiadd7SCCzoOn5Q==",
            "license": "MIT",
            "engines": {
                "node": ">=23.5.0 || ^22.13.0 || ^21.7.0 || ^20.12.0"
            },
            "peerDependencies": {
                "@types/node": ">=18"
            },
            "peerDependenciesMeta": {
                "@types/node": {
                    "optional": true
                }
            }
        },
        "node_modules/@types/node": {
            "version": "25.5.2",
            "resolved": "https://registry.npmjs.org/@types/node/-/node-25.5.2.tgz",
            "integrity": "sha512-tO4ZIRKNC+MDWV4qKVZe3Ql/woTnmHDr5JD8UI5hn2pwBrHEwOEMZK7WlNb5RKB6EoJ02gwmQS9OrjuFnZYdpg==",
            "devOptional": true,
            "license": "MIT",
            "dependencies": {
                "undici-types": "~7.18.0"
            }
        },
        "node_modules/chardet": {
            "version": "2.1.1",
            "resolved": "https://registry.npmjs.org/chardet/-/chardet-2.1.1.tgz",
            "integrity": "sha512-PsezH1rqdV9VvyNhxxOW32/d75r01NY7TQCmOqomRo15ZSOKbpTFVsfjghxo6JloQUCGnH4k1LGu0R4yCLlWQQ==",
            "license": "MIT"
        },
        "node_modules/cli-width": {
            "version": "4.1.0",
            "resolved": "https://registry.npmjs.org/cli-width/-/cli-width-4.1.0.tgz",
            "integrity": "sha512-ouuZd4/dm2Sw5Gmqy6bGyNNNe1qt9RpmxveLSO7KcgsTnU7RXfsw+/bukWGo1abgBiMAic068rclZsO4IWmmxQ==",
            "license": "ISC",
            "engines": {
                "node": ">= 12"
            }
        },
        "node_modules/fast-string-truncated-width": {
            "version": "3.0.3",
            "resolved": "https://registry.npmjs.org/fast-string-truncated-width/-/fast-string-truncated-width-3.0.3.tgz",
            "integrity": "sha512-0jjjIEL6+0jag3l2XWWizO64/aZVtpiGE3t0Zgqxv0DPuxiMjvB3M24fCyhZUO4KomJQPj3LTSUnDP3GpdwC0g==",
            "license": "MIT"
        },
        "node_modules/fast-string-width": {
            "version": "3.0.2",
            "resolved": "https://registry.npmjs.org/fast-string-width/-/fast-string-width-3.0.2.tgz",
            "integrity": "sha512-gX8LrtNEI5hq8DVUfRQMbr5lpaS4nMIWV+7XEbXk2b8kiQIizgnlr12B4dA3ZEx3308ze0O4Q1R+cHts8kyUJg==",
            "license": "MIT",
            "dependencies": {
                "fast-string-truncated-width": "^3.0.2"
            }
        },
        "node_modules/fast-wrap-ansi": {
            "version": "0.2.0",
            "resolved": "https://registry.npmjs.org/fast-wrap-ansi/-/fast-wrap-ansi-0.2.0.tgz",
            "integrity": "sha512-rLV8JHxTyhVmFYhBJuMujcrHqOT2cnO5Zxj37qROj23CP39GXubJRBUFF0z8KFK77Uc0SukZUf7JZhsVEQ6n8w==",
            "license": "MIT",
            "dependencies": {
                "fast-string-width": "^3.0.2"
            }
        },
        "node_modules/iconv-lite": {
            "version": "0.7.2",
            "resolved": "https://registry.npmjs.org/iconv-lite/-/iconv-lite-0.7.2.tgz",
            "integrity": "sha512-im9DjEDQ55s9fL4EYzOAv0yMqmMBSZp6G0VvFyTMPKWxiSBHUj9NW/qqLmXUwXrrM7AvqSlTCfvqRb0cM8yYqw==",
            "license": "MIT",
            "dependencies": {
                "safer-buffer": ">= 2.1.2 < 3.0.0"
            },
            "engines": {
                "node": ">=0.10.0"
            },
            "funding": {
                "type": "opencollective",
                "url": "https://opencollective.com/express"
            }
        },
        "node_modules/mute-stream": {
            "version": "3.0.0",
            "resolved": "https://registry.npmjs.org/mute-stream/-/mute-stream-3.0.0.tgz",
            "integrity": "sha512-dkEJPVvun4FryqBmZ5KhDo0K9iDXAwn08tMLDinNdRBNPcYEDiWYysLcc6k3mjTMlbP9KyylvRpd4wFtwrT9rw==",
            "license": "ISC",
            "engines": {
                "node": "^20.17.0 || >=22.9.0"
            }
        },
        "node_modules/safer-buffer": {
            "version": "2.1.2",
            "resolved": "https://registry.npmjs.org/safer-buffer/-/safer-buffer-2.1.2.tgz",
            "integrity": "sha512-YZo3K82SD7Riyi0E1EQPojLz7kpepnSQI9IyPbHHg1XXXevb5dJI7tpyN2ADxGcQbHG7vcyRHk0cbwqcQriUtg==",
            "license": "MIT"
        },
        "node_modules/signal-exit": {
            "version": "4.1.0",
            "resolved": "https://registry.npmjs.org/signal-exit/-/signal-exit-4.1.0.tgz",
            "integrity": "sha512-bzyZ1e88w9O1iNJbKnOlvYTrWPDl46O1bG0D3XInv+9tkPrxrN8jUUTiFlDkkmKWgn1M6CfIA13SuGqOa9Korw==",
            "license": "ISC",
            "engines": {
                "node": ">=14"
            },
            "funding": {
                "url": "https://github.com/sponsors/isaacs"
            }
        },
        "node_modules/undici-types": {
            "version": "7.18.2",
            "resolved": "https://registry.npmjs.org/undici-types/-/undici-types-7.18.2.tgz",
            "integrity": "sha512-AsuCzffGHJybSaRrmr5eHr81mwJU3kjw6M+uprWvCXiNeN9SOGwQ3Jn8jb8m3Z6izVgknn1R0FTCEAP2QrLY/w==",
            "devOptional": true,
            "license": "MIT"
        }
    }
}
